
Microsoft Visual Studio Solution File, Format Version 12.00
# Visual Studio Version 17
VisualStudioVersion = 17.2.32210.308
MinimumVisualStudioVersion = 10.0.40219.1
Project("{FAE04EC0-301F-11D3-BF4B-00C04F79EFBC}") = "AdapterPattern", "AdapterPattern.csproj", "{562727A5-8819-4A6B-8459-6C56605F47B8}"
EndProject
Global
	GlobalSection(SolutionConfigurationPlatforms) = preSolution
		Debug|Any CPU = Debug|Any CPU
		Release|Any CPU = Release|Any CPU
	EndGlobalSection
	GlobalSection(ProjectConfigurationPlatforms) = postSolution
		{562727A5-8819-4A6B-8459-6C56605F47B8}.Debug|Any CPU.ActiveCfg = Debug|Any CPU
		{562727A5-8819-4A6B-8459-6C56605F47B8}.Debug|Any CPU.Build.0 = Debug|Any CPU
		{562727A5-8819-4A6B-8459-6C56605F47B8}.Release|Any CPU.ActiveCfg = Release|Any CPU
		{562727A5-8819-4A6B-8459-6C56605F47B8}.Release|Any CPU.Build.0 = Release|Any CPU
	EndGlobalSection
	GlobalSection(SolutionProperties) = preSolution
		HideSolutionNode = FALSE
	EndGlobalSection
	GlobalSection(ExtensibilityGlobals) = postSolution
		SolutionGuid = {52704E54-3B27-453D-B9D0-98BE42416569}
	EndGlobalSection
EndGlobal
