
Microsoft Visual Studio Solution File, Format Version 12.00
# Visual Studio Version 16
VisualStudioVersion = 16.0.30114.105
MinimumVisualStudioVersion = 10.0.40219.1
Project("{FAE04EC0-301F-11D3-BF4B-00C04F79EFBC}") = "FlixOne.InventoryManagement", "FlixOne.InventoryManagement\FlixOne.InventoryManagement.csproj", "{A2B22899-C130-4618-A92F-3F2AE9471FDA}"
EndProject
Project("{FAE04EC0-301F-11D3-BF4B-00C04F79EFBC}") = "FlixOne.InventoryManagementClient", "FlixOne.InventoryManagementClient\FlixOne.InventoryManagementClient.csproj", "{1896A33B-3F90-4D74-9192-15ED9432E43C}"
EndProject
Project("{FAE04EC0-301F-11D3-BF4B-00C04F79EFBC}") = "FlixOne.InventoryManagementTests", "FlixOne.InventoryManagementTests\FlixOne.InventoryManagementTests.csproj", "{B12827E8-FC0B-4937-814F-F643844B4FAD}"
EndProject
Global
	GlobalSection(SolutionConfigurationPlatforms) = preSolution
		Debug|Any CPU = Debug|Any CPU
		Release|Any CPU = Release|Any CPU
	EndGlobalSection
	GlobalSection(SolutionProperties) = preSolution
		HideSolutionNode = FALSE
	EndGlobalSection
	GlobalSection(ProjectConfigurationPlatforms) = postSolution
		{A2B22899-C130-4618-A92F-3F2AE9471FDA}.Debug|Any CPU.ActiveCfg = Debug|Any CPU
		{A2B22899-C130-4618-A92F-3F2AE9471FDA}.Debug|Any CPU.Build.0 = Debug|Any CPU
		{A2B22899-C130-4618-A92F-3F2AE9471FDA}.Release|Any CPU.ActiveCfg = Release|Any CPU
		{A2B22899-C130-4618-A92F-3F2AE9471FDA}.Release|Any CPU.Build.0 = Release|Any CPU
		{1896A33B-3F90-4D74-9192-15ED9432E43C}.Debug|Any CPU.ActiveCfg = Debug|Any CPU
		{1896A33B-3F90-4D74-9192-15ED9432E43C}.Debug|Any CPU.Build.0 = Debug|Any CPU
		{1896A33B-3F90-4D74-9192-15ED9432E43C}.Release|Any CPU.ActiveCfg = Release|Any CPU
		{1896A33B-3F90-4D74-9192-15ED9432E43C}.Release|Any CPU.Build.0 = Release|Any CPU
		{B12827E8-FC0B-4937-814F-F643844B4FAD}.Debug|Any CPU.ActiveCfg = Debug|Any CPU
		{B12827E8-FC0B-4937-814F-F643844B4FAD}.Debug|Any CPU.Build.0 = Debug|Any CPU
		{B12827E8-FC0B-4937-814F-F643844B4FAD}.Release|Any CPU.ActiveCfg = Release|Any CPU
		{B12827E8-FC0B-4937-814F-F643844B4FAD}.Release|Any CPU.Build.0 = Release|Any CPU
	EndGlobalSection
EndGlobal
