
Microsoft Visual Studio Solution File, Format Version 12.00
# Visual Studio Version 17
VisualStudioVersion = 17.2.32210.308
MinimumVisualStudioVersion = 10.0.40219.1
Project("{FAE04EC0-301F-11D3-BF4B-00C04F79EFBC}") = "DecoratorPatternDotNET", "DecoratorPatternDotNET.csproj", "{CCEA543F-5233-48BB-A122-6220072F0EF5}"
EndProject
Global
	GlobalSection(SolutionConfigurationPlatforms) = preSolution
		Debug|Any CPU = Debug|Any CPU
		Release|Any CPU = Release|Any CPU
	EndGlobalSection
	GlobalSection(ProjectConfigurationPlatforms) = postSolution
		{CCEA543F-5233-48BB-A122-6220072F0EF5}.Debug|Any CPU.ActiveCfg = Debug|Any CPU
		{CCEA543F-5233-48BB-A122-6220072F0EF5}.Debug|Any CPU.Build.0 = Debug|Any CPU
		{CCEA543F-5233-48BB-A122-6220072F0EF5}.Release|Any CPU.ActiveCfg = Release|Any CPU
		{CCEA543F-5233-48BB-A122-6220072F0EF5}.Release|Any CPU.Build.0 = Release|Any CPU
	EndGlobalSection
	GlobalSection(SolutionProperties) = preSolution
		HideSolutionNode = FALSE
	EndGlobalSection
	GlobalSection(ExtensibilityGlobals) = postSolution
		SolutionGuid = {327B14FC-95D5-4D56-B9DF-80F28A15F55D}
	EndGlobalSection
EndGlobal
