
Microsoft Visual Studio Solution File, Format Version 12.00
# Visual Studio Version 17
VisualStudioVersion = 17.2.32210.308
MinimumVisualStudioVersion = 10.0.40219.1
Project("{FAE04EC0-301F-11D3-BF4B-00C04F79EFBC}") = "FactoryMethod", "FactoryMethod.csproj", "{BDB89781-43BC-496C-A3EE-4B8D5A05BD1F}"
EndProject
Global
	GlobalSection(SolutionConfigurationPlatforms) = preSolution
		Debug|Any CPU = Debug|Any CPU
		Release|Any CPU = Release|Any CPU
	EndGlobalSection
	GlobalSection(ProjectConfigurationPlatforms) = postSolution
		{BDB89781-43BC-496C-A3EE-4B8D5A05BD1F}.Debug|Any CPU.ActiveCfg = Debug|Any CPU
		{BDB89781-43BC-496C-A3EE-4B8D5A05BD1F}.Debug|Any CPU.Build.0 = Debug|Any CPU
		{BDB89781-43BC-496C-A3EE-4B8D5A05BD1F}.Release|Any CPU.ActiveCfg = Release|Any CPU
		{BDB89781-43BC-496C-A3EE-4B8D5A05BD1F}.Release|Any CPU.Build.0 = Release|Any CPU
	EndGlobalSection
	GlobalSection(SolutionProperties) = preSolution
		HideSolutionNode = FALSE
	EndGlobalSection
	GlobalSection(ExtensibilityGlobals) = postSolution
		SolutionGuid = {634437D8-9B6C-418E-83D5-DF3CC1BDF92D}
	EndGlobalSection
EndGlobal
